
Microsoft Visual Studio Solution File, Format Version 12.00
# Visual Studio Version 17
VisualStudioVersion = 17.2.32630.192
MinimumVisualStudioVersion = 10.0.40219.1
Project("{9A19103F-16F7-4668-BE54-9A1E7A4F7556}") = "InMemoryCacheApp.Web", "InMemoryCacheApp.Web\InMemoryCacheApp.Web.csproj", "{E385287F-E9A3-4581-A65F-D8AD0AF65D64}"
EndProject
Project("{9A19103F-16F7-4668-BE54-9A1E7A4F7556}") = "IDistributedCacheRedisApp.Web", "IDistributedCacheRedisApp.Web\IDistributedCacheRedisApp.Web.csproj", "{9EDF9FD7-08F8-449B-A315-809B0D714F16}"
EndProject
Project("{FAE04EC0-301F-11D3-BF4B-00C04F79EFBC}") = "StackExchanceRedis", "StackExchanceRedis\StackExchanceRedis.csproj", "{BD85544C-D6AB-47DA-88D9-DE79DF721E33}"
EndProject
Global
	GlobalSection(SolutionConfigurationPlatforms) = preSolution
		Debug|Any CPU = Debug|Any CPU
		Release|Any CPU = Release|Any CPU
	EndGlobalSection
	GlobalSection(ProjectConfigurationPlatforms) = postSolution
		{E385287F-E9A3-4581-A65F-D8AD0AF65D64}.Debug|Any CPU.ActiveCfg = Debug|Any CPU
		{E385287F-E9A3-4581-A65F-D8AD0AF65D64}.Debug|Any CPU.Build.0 = Debug|Any CPU
		{E385287F-E9A3-4581-A65F-D8AD0AF65D64}.Release|Any CPU.ActiveCfg = Release|Any CPU
		{E385287F-E9A3-4581-A65F-D8AD0AF65D64}.Release|Any CPU.Build.0 = Release|Any CPU
		{9EDF9FD7-08F8-449B-A315-809B0D714F16}.Debug|Any CPU.ActiveCfg = Debug|Any CPU
		{9EDF9FD7-08F8-449B-A315-809B0D714F16}.Debug|Any CPU.Build.0 = Debug|Any CPU
		{9EDF9FD7-08F8-449B-A315-809B0D714F16}.Release|Any CPU.ActiveCfg = Release|Any CPU
		{9EDF9FD7-08F8-449B-A315-809B0D714F16}.Release|Any CPU.Build.0 = Release|Any CPU
		{BD85544C-D6AB-47DA-88D9-DE79DF721E33}.Debug|Any CPU.ActiveCfg = Debug|Any CPU
		{BD85544C-D6AB-47DA-88D9-DE79DF721E33}.Debug|Any CPU.Build.0 = Debug|Any CPU
		{BD85544C-D6AB-47DA-88D9-DE79DF721E33}.Release|Any CPU.ActiveCfg = Release|Any CPU
		{BD85544C-D6AB-47DA-88D9-DE79DF721E33}.Release|Any CPU.Build.0 = Release|Any CPU
	EndGlobalSection
	GlobalSection(SolutionProperties) = preSolution
		HideSolutionNode = FALSE
	EndGlobalSection
	GlobalSection(ExtensibilityGlobals) = postSolution
		SolutionGuid = {3D734D6B-2EE4-46D5-99D4-8CC719F49882}
	EndGlobalSection
EndGlobal
